dependencies:
- name: influxdb
  repository: https://kubernetes-charts.storage.googleapis.com
  version: 0.12.0
- name: kapacitor
  repository: https://kubernetes-charts.storage.googleapis.com
  version: 1.1.0
- name: chronograf
  repository: https://kubernetes-charts.storage.googleapis.com
  version: 0.4.5
- name: telegraf
  repository: https://kubernetes-charts.storage.googleapis.com
  version: 0.3.3
digest: sha256:f5f52fceef0465d091f8116677933455794ca7a5bdb6a89b7cbd578a91c137f9
generated: 2018-11-09T07:09:49.5271445+02:00
