dependencies:
- name: influxdb
  repository: https://raw.githubusercontent.com/bnayae/tick-charts/repo/packages/
  version: 1.7.1
- name: kapacitor
  repository: https://raw.githubusercontent.com/bnayae/tick-charts/repo/packages/
  version: 1.5.1
- name: chronograf
  repository: https://raw.githubusercontent.com/bnayae/tick-charts/repo/packages/
  version: 1.7.3
- name: telegraf
  repository: https://kubernetes-charts.storage.googleapis.com
  version: 0.3.3
digest: sha256:ce0dda3964ff984bfff73c53180971d9aafad78a4ce98d0e8b1ae99e0d6659af
generated: 2018-11-20T07:01:30.672735+02:00
