dependencies:
- name: influxdb
  repository: https://raw.githubusercontent.com/bnayae/tick-charts/repo/packages/
  version: 1.7.1
- name: kapacitor
  repository: https://raw.githubusercontent.com/bnayae/tick-charts/repo/packages/
  version: 1.5.1
- name: chronograf
  repository: https://raw.githubusercontent.com/bnayae/tick-charts/repo/packages/
  version: 1.7.3
- name: telegraf-s
  repository: https://raw.githubusercontent.com/bnayae/tick-charts/repo/packages/
  version: 1.8.3
- name: telegraf-ds
  repository: https://raw.githubusercontent.com/bnayae/tick-charts/repo/packages/
  version: 1.8.3
digest: sha256:4fa1d35caa38579070517b7c34f919f1ad5fdfb8aa53d73cba89abba5db16636
generated: 2018-11-19T08:03:51.3189243+02:00
